<Solution>
  <Folder Name="/Solution Items/">
    <File Path="compose.yaml" />
    <File Path="Readme.md" />
  </Folder>
  <Folder Name="/src/">
    <Project Path="src/OurCheck.API/OurCheck.API.csproj" />
    <Project Path="src/OurCheck.Application/OurCheck.Application.csproj" />
    <Project Path="src/OurCheck.Domain/OurCheck.Domain.csproj" />
    <Project Path="src/OurCheck.Dto/OurCheck.Dto.csproj" />
    <Project Path="src/OurCheck.Infrastructure/OurCheck.Infrastructure.csproj" />
    <Project Path="src/OurCheck.Persistence.Abstract/OurCheck.Persistence.Abstract.csproj" />
    <Project Path="src/OurCheck.Persistence.EF/OurCheck.Persistence.EF.csproj" />
  </Folder>
  <Folder Name="/src/Clients/">
    <File Path="src\Clients\Readme.md" />
    <Project Path="src/Clients/OurCheck.Client.Application/OurCheck.Client.Application.csproj" />
    <Project Path="src/Clients/OurCheck.Client.MAUI/OurCheck.Client.MAUI.csproj" />
    <Project Path="src/Clients/OurCheck.Client.Repository.Abstract/OurCheck.Client.Repository.Abstract.csproj" />
    <Project Path="src/Clients/OurCheck.Client.Repository.API/OurCheck.Client.Repository.API.csproj" />
  </Folder>
</Solution>
