
Microsoft Visual Studio Solution File, Format Version 12.00
Project("{2150E333-8FDC-42A3-9474-1A3956D46DE8}") = "Solution Items", "Solution Items", "{9CC5E166-72CA-4138-ACB0-53EFE321F843}"
	ProjectSection(SolutionItems) = preProject
		compose.yaml = compose.yaml
		Readme.md = Readme.md
	EndProjectSection
EndProject
Project("{2150E333-8FDC-42A3-9474-1A3956D46DE8}") = "src", "src", "{A2F505E6-12E7-485D-A31E-66198EF1DDE2}"
EndProject
Project("{FAE04EC0-301F-11D3-BF4B-00C04F79EFBC}") = "OurCheck.API", "src\OurCheck.API\OurCheck.API.csproj", "{520BB01E-D420-408E-8721-CF93C005F072}"
EndProject
Project("{FAE04EC0-301F-11D3-BF4B-00C04F79EFBC}") = "OurCheck.Domain", "src\OurCheck.Domain\OurCheck.Domain.csproj", "{6CC9F605-CED4-4321-9383-FE217F3E509C}"
EndProject
Project("{FAE04EC0-301F-11D3-BF4B-00C04F79EFBC}") = "OurCheck.Application", "src\OurCheck.Application\OurCheck.Application.csproj", "{DACF8475-1DD7-4D61-A31F-BF361287EB41}"
EndProject
Project("{FAE04EC0-301F-11D3-BF4B-00C04F79EFBC}") = "OurCheck.Infrastructure", "src\OurCheck.Infrastructure\OurCheck.Infrastructure.csproj", "{0614B441-0A3C-4948-A633-E3BBB9014B82}"
EndProject
Project("{FAE04EC0-301F-11D3-BF4B-00C04F79EFBC}") = "OurCheck.Repositories", "src\OurCheck.Repositories\OurCheck.Repositories.csproj", "{A2F36EF4-FE1D-4800-9C36-BB5B118F4305}"
EndProject
Global
	GlobalSection(SolutionConfigurationPlatforms) = preSolution
		Debug|Any CPU = Debug|Any CPU
		Release|Any CPU = Release|Any CPU
	EndGlobalSection
	GlobalSection(ProjectConfigurationPlatforms) = postSolution
		{520BB01E-D420-408E-8721-CF93C005F072}.Debug|Any CPU.ActiveCfg = Debug|Any CPU
		{520BB01E-D420-408E-8721-CF93C005F072}.Debug|Any CPU.Build.0 = Debug|Any CPU
		{520BB01E-D420-408E-8721-CF93C005F072}.Release|Any CPU.ActiveCfg = Release|Any CPU
		{520BB01E-D420-408E-8721-CF93C005F072}.Release|Any CPU.Build.0 = Release|Any CPU
		{6CC9F605-CED4-4321-9383-FE217F3E509C}.Debug|Any CPU.ActiveCfg = Debug|Any CPU
		{6CC9F605-CED4-4321-9383-FE217F3E509C}.Debug|Any CPU.Build.0 = Debug|Any CPU
		{6CC9F605-CED4-4321-9383-FE217F3E509C}.Release|Any CPU.ActiveCfg = Release|Any CPU
		{6CC9F605-CED4-4321-9383-FE217F3E509C}.Release|Any CPU.Build.0 = Release|Any CPU
		{DACF8475-1DD7-4D61-A31F-BF361287EB41}.Debug|Any CPU.ActiveCfg = Debug|Any CPU
		{DACF8475-1DD7-4D61-A31F-BF361287EB41}.Debug|Any CPU.Build.0 = Debug|Any CPU
		{DACF8475-1DD7-4D61-A31F-BF361287EB41}.Release|Any CPU.ActiveCfg = Release|Any CPU
		{DACF8475-1DD7-4D61-A31F-BF361287EB41}.Release|Any CPU.Build.0 = Release|Any CPU
		{0614B441-0A3C-4948-A633-E3BBB9014B82}.Debug|Any CPU.ActiveCfg = Debug|Any CPU
		{0614B441-0A3C-4948-A633-E3BBB9014B82}.Debug|Any CPU.Build.0 = Debug|Any CPU
		{0614B441-0A3C-4948-A633-E3BBB9014B82}.Release|Any CPU.ActiveCfg = Release|Any CPU
		{0614B441-0A3C-4948-A633-E3BBB9014B82}.Release|Any CPU.Build.0 = Release|Any CPU
		{A2F36EF4-FE1D-4800-9C36-BB5B118F4305}.Debug|Any CPU.ActiveCfg = Debug|Any CPU
		{A2F36EF4-FE1D-4800-9C36-BB5B118F4305}.Debug|Any CPU.Build.0 = Debug|Any CPU
		{A2F36EF4-FE1D-4800-9C36-BB5B118F4305}.Release|Any CPU.ActiveCfg = Release|Any CPU
		{A2F36EF4-FE1D-4800-9C36-BB5B118F4305}.Release|Any CPU.Build.0 = Release|Any CPU
	EndGlobalSection
	GlobalSection(NestedProjects) = preSolution
		{520BB01E-D420-408E-8721-CF93C005F072} = {A2F505E6-12E7-485D-A31E-66198EF1DDE2}
		{6CC9F605-CED4-4321-9383-FE217F3E509C} = {A2F505E6-12E7-485D-A31E-66198EF1DDE2}
		{DACF8475-1DD7-4D61-A31F-BF361287EB41} = {A2F505E6-12E7-485D-A31E-66198EF1DDE2}
		{0614B441-0A3C-4948-A633-E3BBB9014B82} = {A2F505E6-12E7-485D-A31E-66198EF1DDE2}
		{A2F36EF4-FE1D-4800-9C36-BB5B118F4305} = {A2F505E6-12E7-485D-A31E-66198EF1DDE2}
	EndGlobalSection
EndGlobal
